// !$*UTF8*$!
{
	archiveVersion = 1;
	classes = {
	};
	objectVersion = 50;
	objects = {

/* Begin PBXBuildFile section */
		6853E96D23CB2C8A006E2D15 /* AppDelegate.swift in Sources */ = {isa = PBXBuildFile; fileRef = 6853E96C23CB2C8A006E2D15 /* AppDelegate.swift */; };
		6853E96F23CB2C8A006E2D15 /* SceneDelegate.swift in Sources */ = {isa = PBXBuildFile; fileRef = 6853E96E23CB2C8A006E2D15 /* SceneDelegate.swift */; };
		6853E97123CB2C8A006E2D15 /* ViewController.swift in Sources */ = {isa = PBXBuildFile; fileRef = 6853E97023CB2C8A006E2D15 /* ViewController.swift */; };
		6853E97423CB2C8A006E2D15 /* Main.storyboard in Resources */ = {isa = PBXBuildFile; fileRef = 6853E97223CB2C8A006E2D15 /* Main.storyboard */; };
		6853E97623CB2C8B006E2D15 /* Assets.xcassets in Resources */ = {isa = PBXBuildFile; fileRef = 6853E97523CB2C8B006E2D15 /* Assets.xcassets */; };
		6853E97923CB2C8B006E2D15 /* LaunchScreen.storyboard in Resources */ = {isa = PBXBuildFile; fileRef = 6853E97723CB2C8B006E2D15 /* LaunchScreen.storyboard */; };
		68DC2E1623D8969C006651F5 /* NextViewController.swift in Sources */ = {isa = PBXBuildFile; fileRef = 68DC2E1523D8969C006651F5 /* NextViewController.swift */; };
/* End PBXBuildFile section */

/* Begin PBXFileReference section */
		6853E96923CB2C8A006E2D15 /* Swift5Senni.app */ = {isa = PBXFileReference; explicitFileType = wrapper.application; includeInIndex = 0; path = Swift5Senni.app; sourceTree = BUILT_PRODUCTS_DIR; };
		6853E96C23CB2C8A006E2D15 /* AppDelegate.swift */ = {isa = PBXFileReference; lastKnownFileType = sourcecode.swift; path = AppDelegate.swift; sourceTree = "<group>"; };
		6853E96E23CB2C8A006E2D15 /* SceneDelegate.swift */ = {isa = PBXFileReference; lastKnownFileType = sourcecode.swift; path = SceneDelegate.swift; sourceTree = "<group>"; };
		6853E97023CB2C8A006E2D15 /* ViewController.swift */ = {isa = PBXFileReference; lastKnownFileType = sourcecode.swift; path = ViewController.swift; sourceTree = "<group>"; };
		6853E97323CB2C8A006E2D15 /* Base */ = {isa = PBXFileReference; lastKnownFileType = file.storyboard; name = Base; path = Base.lproj/Main.storyboard; sourceTree = "<group>"; };
		6853E97523CB2C8B006E2D15 /* Assets.xcassets */ = {isa = PBXFileReference; lastKnownFileType = folder.assetcatalog; path = Assets.xcassets; sourceTree = "<group>"; };
		6853E97823CB2C8B006E2D15 /* Base */ = {isa = PBXFileReference; lastKnownFileType = file.storyboard; name = Base; path = Base.lproj/LaunchScreen.storyboard; sourceTree = "<group>"; };
		6853E97A23CB2C8B006E2D15 /* Info.plist */ = {isa = PBXFileReference; lastKnownFileType = text.plist.xml; path = Info.plist; sourceTree = "<group>"; };
		68DC2E1523D8969C006651F5 /* NextViewController.swift */ = {isa = PBXFileReference; lastKnownFileType = sourcecode.swift; path = NextViewController.swift; sourceTree = "<group>"; };
/* End PBXFileReference section */

/* Begin PBXFrameworksBuildPhase section */
		6853E96623CB2C8A006E2D15 /* Frameworks */ = {
			isa = PBXFrameworksBuildPhase;
			buildActionMask = 2147483647;
			files = (
			);
			runOnlyForDeploymentPostprocessing = 0;
		};
/* End PBXFrameworksBuildPhase section */

/* Begin PBXGroup section */
		6853E96023CB2C8A006E2D15 = {
			isa = PBXGroup;
			children = (
				6853E96B23CB2C8A006E2D15 /* Swift5Senni */,
				6853E96A23CB2C8A006E2D15 /* Products */,
			);
			sourceTree = "<group>";
		};
		6853E96A23CB2C8A006E2D15 /* Products */ = {
			isa = PBXGroup;
			children = (
				6853E96923CB2C8A006E2D15 /* Swift5Senni.app */,
			);
			name = Products;
			sourceTree = "<group>";
		};
		6853E96B23CB2C8A006E2D15 /* Swift5Senni */ = {
			isa = PBXGroup;
			children = (
				6853E96C23CB2C8A006E2D15 /* AppDelegate.swift */,
				6853E96E23CB2C8A006E2D15 /* SceneDelegate.swift */,
				6853E97023CB2C8A006E2D15 /* ViewController.swift */,
				68DC2E1523D8969C006651F5 /* NextViewController.swift */,
				6853E97223CB2C8A006E2D15 /* Main.storyboard */,
				6853E97523CB2C8B006E2D15 /* Assets.xcassets */,
				6853E97723CB2C8B006E2D15 /* LaunchScreen.storyboard */,
				6853E97A23CB2C8B006E2D15 /* Info.plist */,
			);
			path = Swift5Senni;
			sourceTree = "<group>";
		};
/* End PBXGroup section */

/* Begin PBXNativeTarget section */
		6853E96823CB2C8A006E2D15 /* Swift5Senni */ = {
			isa = PBXNativeTarget;
			buildConfigurationList = 6853E97D23CB2C8B006E2D15 /* Build configuration list for PBXNativeTarget "Swift5Senni" */;
			buildPhases = (
				6853E96523CB2C8A006E2D15 /* Sources */,
				6853E96623CB2C8A006E2D15 /* Frameworks */,
				6853E96723CB2C8A006E2D15 /* Resources */,
			);
			buildRules = (
			);
			dependencies = (
			);
			name = Swift5Senni;
			productName = Swift5Senni;
			productReference = 6853E96923CB2C8A006E2D15 /* Swift5Senni.app */;
			productType = "com.apple.product-type.application";
		};
/* End PBXNativeTarget section */

/* Begin PBXProject section */
		6853E96123CB2C8A006E2D15 /* Project object */ = {
			isa = PBXProject;
			attributes = {
				LastSwiftUpdateCheck = 1130;
				LastUpgradeCheck = 1130;
				ORGANIZATIONNAME = "Gunji Kamiya";
				TargetAttributes = {
					6853E96823CB2C8A006E2D15 = {
						CreatedOnToolsVersion = 11.3;
					};
				};
			};
			buildConfigurationList = 6853E96423CB2C8A006E2D15 /* Build configuration list for PBXProject "Swift5Senni" */;
			compatibilityVersion = "Xcode 9.3";
			developmentRegion = en;
			hasScannedForEncodings = 0;
			knownRegions = (
				en,
				Base,
			);
			mainGroup = 6853E96023CB2C8A006E2D15;
			productRefGroup = 6853E96A23CB2C8A006E2D15 /* Products */;
			projectDirPath = "";
			projectRoot = "";
			targets = (
				6853E96823CB2C8A006E2D15 /* Swift5Senni */,
			);
		};
/* End PBXProject section */

/* Begin PBXResourcesBuildPhase section */
		6853E96723CB2C8A006E2D15 /* Resources */ = {
			isa = PBXResourcesBuildPhase;
			buildActionMask = 2147483647;
			files = (
				6853E97923CB2C8B006E2D15 /* LaunchScreen.storyboard in Resources */,
				6853E97623CB2C8B006E2D15 /* Assets.xcassets in Resources */,
				6853E97423CB2C8A006E2D15 /* Main.storyboard in Resources */,
			);
			runOnlyForDeploymentPostprocessing = 0;
		};
/* End PBXResourcesBuildPhase section */

/* Begin PBXSourcesBuildPhase section */
		6853E96523CB2C8A006E2D15 /* Sources */ = {
			isa = PBXSourcesBuildPhase;
			buildActionMask = 2147483647;
			files = (
				6853E97123CB2C8A006E2D15 /* ViewController.swift in Sources */,
				68DC2E1623D8969C006651F5 /* NextViewController.swift in Sources */,
				6853E96D23CB2C8A006E2D15 /* AppDelegate.swift in Sources */,
				6853E96F23CB2C8A006E2D15 /* SceneDelegate.swift in Sources */,
			);
			runOnlyForDeploymentPostprocessing = 0;
		};
/* End PBXSourcesBuildPhase section */

/* Begin PBXVariantGroup section */
		6853E97223CB2C8A006E2D15 /* Main.storyboard */ = {
			isa = PBXVariantGroup;
			children = (
				6853E97323CB2C8A006E2D15 /* Base */,
			);
			name = Main.storyboard;
			sourceTree = "<group>";
		};
		6853E97723CB2C8B006E2D15 /* LaunchScreen.storyboard */ = {
			isa = PBXVariantGroup;
			children = (
				6853E97823CB2C8B006E2D15 /* Base */,
			);
			name = LaunchScreen.storyboard;
			sourceTree = "<group>";
		};
/* End PBXVariantGroup section */

/* Begin XCBuildConfiguration section */
		6853E97B23CB2C8B006E2D15 /* Debug */ = {
			isa = XCBuildConfiguration;
			buildSettings = {
				ALWAYS_SEARCH_USER_PATHS = NO;
				CLANG_ANALYZER_NONNULL = YES;
				CLANG_ANALYZER_NUMBER_OBJECT_CONVERSION = YES_AGGRESSIVE;
				CLANG_CXX_LANGUAGE_STANDARD = "gnu++14";
				CLANG_CXX_LIBRARY = "libc++";
				CLANG_ENABLE_MODULES = YES;
				CLANG_ENABLE_OBJC_ARC = YES;
				CLANG_ENABLE_OBJC_WEAK = YES;
				CLANG_WARN_BLOCK_CAPTURE_AUTORELEASING = YES;
				CLANG_WARN_BOOL_CONVERSION = YES;
				CLANG_WARN_COMMA = YES;
				CLANG_WARN_CONSTANT_CONVERSION = YES;
				CLANG_WARN_DEPRECATED_OBJC_IMPLEMENTATIONS = YES;
				CLANG_WARN_DIRECT_OBJC_ISA_USAGE = YES_ERROR;
				CLANG_WARN_DOCUMENTATION_COMMENTS = YES;
				CLANG_WARN_EMPTY_BODY = YES;
				CLANG_WARN_ENUM_CONVERSION = YES;
				CLANG_WARN_INFINITE_RECURSION = YES;
				CLANG_WARN_INT_CONVERSION = YES;
				CLANG_WARN_NON_LITERAL_NULL_CONVERSION = YES;
				CLANG_WARN_OBJC_IMPLICIT_RETAIN_SELF = YES;
				CLANG_WARN_OBJC_LITERAL_CONVERSION = YES;
				CLANG_WARN_OBJC_ROOT_CLASS = YES_ERROR;
				CLANG_WARN_RANGE_LOOP_ANALYSIS = YES;
				CLANG_WARN_STRICT_PROTOTYPES = YES;
				CLANG_WARN_SUSPICIOUS_MOVE = YES;
				CLANG_WARN_UNGUARDED_AVAILABILITY = YES_AGGRESSIVE;
				CLANG_WARN_UNREACHABLE_CODE = YES;
				CLANG_WARN__DUPLICATE_METHOD_MATCH = YES;
				COPY_PHASE_STRIP = NO;
				DEBUG_INFORMATION_FORMAT = dwarf;
				ENABLE_STRICT_OBJC_MSGSEND = YES;
				ENABLE_TESTABILITY = YES;
				GCC_C_LANGUAGE_STANDARD = gnu11;
				GCC_DYNAMIC_NO_PIC = NO;
				GCC_NO_COMMON_BLOCKS = YES;
				GCC_OPTIMIZATION_LEVEL = 0;
				GCC_PREPROCESSOR_DEFINITIONS = (
					"DEBUG=1",
					"$(inherited)",
				);
				GCC_WARN_64_TO_32_BIT_CONVERSION = YES;
				GCC_WARN_ABOUT_RETURN_TYPE = YES_ERROR;
				GCC_WARN_UNDECLARED_SELECTOR = YES;
				GCC_WARN_UNINITIALIZED_AUTOS = YES_AGGRESSIVE;
				GCC_WARN_UNUSED_FUNCTION = YES;
				GCC_WARN_UNUSED_VARIABLE = YES;
				IPHONEOS_DEPLOYMENT_TARGET = 13.2;
				MTL_ENABLE_DEBUG_INFO = INCLUDE_SOURCE;
				MTL_FAST_MATH = YES;
				ONLY_ACTIVE_ARCH = YES;
				SDKROOT = iphoneos;
				SWIFT_ACTIVE_COMPILATION_CONDITIONS = DEBUG;
				SWIFT_OPTIMIZATION_LEVEL = "-Onone";
			};
			name = Debug;
		};
		6853E97C23CB2C8B006E2D15 /* Release */ = {
			isa = XCBuildConfiguration;
			buildSettings = {
				ALWAYS_SEARCH_USER_PATHS = NO;
				CLANG_ANALYZER_NONNULL = YES;
				CLANG_ANALYZER_NUMBER_OBJECT_CONVERSION = YES_AGGRESSIVE;
				CLANG_CXX_LANGUAGE_STANDARD = "gnu++14";
				CLANG_CXX_LIBRARY = "libc++";
				CLANG_ENABLE_MODULES = YES;
				CLANG_ENABLE_OBJC_ARC = YES;
				CLANG_ENABLE_OBJC_WEAK = YES;
				CLANG_WARN_BLOCK_CAPTURE_AUTORELEASING = YES;
				CLANG_WARN_BOOL_CONVERSION = YES;
				CLANG_WARN_COMMA = YES;
				CLANG_WARN_CONSTANT_CONVERSION = YES;
				CLANG_WARN_DEPRECATED_OBJC_IMPLEMENTATIONS = YES;
				CLANG_WARN_DIRECT_OBJC_ISA_USAGE = YES_ERROR;
				CLANG_WARN_DOCUMENTATION_COMMENTS = YES;
				CLANG_WARN_EMPTY_BODY = YES;
				CLANG_WARN_ENUM_CONVERSION = YES;
				CLANG_WARN_INFINITE_RECURSION = YES;
				CLANG_WARN_INT_CONVERSION = YES;
				CLANG_WARN_NON_LITERAL_NULL_CONVERSION = YES;
				CLANG_WARN_OBJC_IMPLICIT_RETAIN_SELF = YES;
				CLANG_WARN_OBJC_LITERAL_CONVERSION = YES;
				CLANG_WARN_OBJC_ROOT_CLASS = YES_ERROR;
				CLANG_WARN_RANGE_LOOP_ANALYSIS = YES;
				CLANG_WARN_STRICT_PROTOTYPES = YES;
				CLANG_WARN_SUSPICIOUS_MOVE = YES;
				CLANG_WARN_UNGUARDED_AVAILABILITY = YES_AGGRESSIVE;
				CLANG_WARN_UNREACHABLE_CODE = YES;
				CLANG_WARN__DUPLICATE_METHOD_MATCH = YES;
				COPY_PHASE_STRIP = NO;
				DEBUG_INFORMATION_FORMAT = "dwarf-with-dsym";
				ENABLE_NS_ASSERTIONS = NO;
				ENABLE_STRICT_OBJC_MSGSEND = YES;
				GCC_C_LANGUAGE_STANDARD = gnu11;
				GCC_NO_COMMON_BLOCKS = YES;
				GCC_WARN_64_TO_32_BIT_CONVERSION = YES;
				GCC_WARN_ABOUT_RETURN_TYPE = YES_ERROR;
				GCC_WARN_UNDECLARED_SELECTOR = YES;
				GCC_WARN_UNINITIALIZED_AUTOS = YES_AGGRESSIVE;
				GCC_WARN_UNUSED_FUNCTION = YES;
				GCC_WARN_UNUSED_VARIABLE = YES;
				IPHONEOS_DEPLOYMENT_TARGET = 13.2;
				MTL_ENABLE_DEBUG_INFO = NO;
				MTL_FAST_MATH = YES;
				SDKROOT = iphoneos;
				SWIFT_COMPILATION_MODE = wholemodule;
				SWIFT_OPTIMIZATION_LEVEL = "-O";
				VALIDATE_PRODUCT = YES;
			};
			name = Release;
		};
		6853E97E23CB2C8B006E2D15 /* Debug */ = {
			isa = XCBuildConfiguration;
			buildSettings = {
				ASSETCATALOG_COMPILER_APPICON_NAME = AppIcon;
				CODE_SIGN_STYLE = Automatic;
				INFOPLIST_FILE = Swift5Senni/Info.plist;
				LD_RUNPATH_SEARCH_PATHS = (
					"$(inherited)",
					"@executable_path/Frameworks",
				);
				PRODUCT_BUNDLE_IDENTIFIER = com.GunjiKamiya.Swift5Senni;
				PRODUCT_NAME = "$(TARGET_NAME)";
				SWIFT_VERSION = 5.0;
				TARGETED_DEVICE_FAMILY = 1;
			};
			name = Debug;
		};
		6853E97F23CB2C8B006E2D15 /* Release */ = {
			isa = XCBuildConfiguration;
			buildSettings = {
				ASSETCATALOG_COMPILER_APPICON_NAME = AppIcon;
				CODE_SIGN_STYLE = Automatic;
				INFOPLIST_FILE = Swift5Senni/Info.plist;
				LD_RUNPATH_SEARCH_PATHS = (
					"$(inherited)",
					"@executable_path/Frameworks",
				);
				PRODUCT_BUNDLE_IDENTIFIER = com.GunjiKamiya.Swift5Senni;
				PRODUCT_NAME = "$(TARGET_NAME)";
				SWIFT_VERSION = 5.0;
				TARGETED_DEVICE_FAMILY = 1;
			};
			name = Release;
		};
/* End XCBuildConfiguration section */

/* Begin XCConfigurationList section */
		6853E96423CB2C8A006E2D15 /* Build configuration list for PBXProject "Swift5Senni" */ = {
			isa = XCConfigurationList;
			buildConfigurations = (
				6853E97B23CB2C8B006E2D15 /* Debug */,
				6853E97C23CB2C8B006E2D15 /* Release */,
			);
			defaultConfigurationIsVisible = 0;
			defaultConfigurationName = Release;
		};
		6853E97D23CB2C8B006E2D15 /* Build configuration list for PBXNativeTarget "Swift5Senni" */ = {
			isa = XCConfigurationList;
			buildConfigurations = (
				6853E97E23CB2C8B006E2D15 /* Debug */,
				6853E97F23CB2C8B006E2D15 /* Release */,
			);
			defaultConfigurationIsVisible = 0;
			defaultConfigurationName = Release;
		};
/* End XCConfigurationList section */
	};
	rootObject = 6853E96123CB2C8A006E2D15 /* Project object */;
}
